
Microsoft Visual Studio Solution File, Format Version 12.00
# Visual Studio Version 16
VisualStudioVersion = 16.0.32228.343
MinimumVisualStudioVersion = 10.0.40219.1
Project("{FAE04EC0-301F-11D3-BF4B-00C04F79EFBC}") = "Wiki", "Wiki\Wiki.csproj", "{92268659-2D55-4372-A93C-50E882EC3D9F}"
EndProject
Global
	GlobalSection(SolutionConfigurationPlatforms) = preSolution
		Debug|Any CPU = Debug|Any CPU
		Release|Any CPU = Release|Any CPU
	EndGlobalSection
	GlobalSection(ProjectConfigurationPlatforms) = postSolution
		{92268659-2D55-4372-A93C-50E882EC3D9F}.Debug|Any CPU.ActiveCfg = Debug|Any CPU
		{92268659-2D55-4372-A93C-50E882EC3D9F}.Debug|Any CPU.Build.0 = Debug|Any CPU
		{92268659-2D55-4372-A93C-50E882EC3D9F}.Release|Any CPU.ActiveCfg = Release|Any CPU
		{92268659-2D55-4372-A93C-50E882EC3D9F}.Release|Any CPU.Build.0 = Release|Any CPU
	EndGlobalSection
	GlobalSection(SolutionProperties) = preSolution
		HideSolutionNode = FALSE
	EndGlobalSection
	GlobalSection(ExtensibilityGlobals) = postSolution
		SolutionGuid = {6F2CE78A-FAA0-46D2-A1EA-68FAE4C09B1A}
	EndGlobalSection
EndGlobal
